
Microsoft Visual Studio Solution File, Format Version 12.00
# Visual Studio Version 17
VisualStudioVersion = 17.10.35027.167
MinimumVisualStudioVersion = 10.0.40219.1
Project("{2150E333-8FDC-42A3-9474-1A3956D46DE8}") = "API", "API", "{545F4A44-B342-406F-9BB1-AEBFDFC492A1}"
EndProject
Project("{9A19103F-16F7-4668-BE54-9A1E7A4F7556}") = "Server", "API\Server\Server.csproj", "{709CC724-AD3D-4AAC-AB27-910529DD5706}"
EndProject
Project("{54A90642-561A-4BB1-A94E-469ADEE60C69}") = "Client", "API\Client\Client.esproj", "{8A753D89-EABC-4F29-8708-115658014BC2}"
EndProject
Project("{9A19103F-16F7-4668-BE54-9A1E7A4F7556}") = "Infrastructure", "Infrastructure\Infrastructure.csproj", "{F852B91F-D6DE-4822-8F21-9230F1522B0F}"
EndProject
Project("{FAE04EC0-301F-11D3-BF4B-00C04F79EFBC}") = "Common", "Common\Common.csproj", "{2E748E15-4156-41C8-B316-82822648058A}"
EndProject
Global
	GlobalSection(SolutionConfigurationPlatforms) = preSolution
		Debug|Any CPU = Debug|Any CPU
		Release|Any CPU = Release|Any CPU
	EndGlobalSection
	GlobalSection(ProjectConfigurationPlatforms) = postSolution
		{709CC724-AD3D-4AAC-AB27-910529DD5706}.Debug|Any CPU.ActiveCfg = Debug|Any CPU
		{709CC724-AD3D-4AAC-AB27-910529DD5706}.Debug|Any CPU.Build.0 = Debug|Any CPU
		{709CC724-AD3D-4AAC-AB27-910529DD5706}.Release|Any CPU.ActiveCfg = Release|Any CPU
		{709CC724-AD3D-4AAC-AB27-910529DD5706}.Release|Any CPU.Build.0 = Release|Any CPU
		{8A753D89-EABC-4F29-8708-115658014BC2}.Debug|Any CPU.ActiveCfg = Debug|Any CPU
		{8A753D89-EABC-4F29-8708-115658014BC2}.Debug|Any CPU.Build.0 = Debug|Any CPU
		{8A753D89-EABC-4F29-8708-115658014BC2}.Debug|Any CPU.Deploy.0 = Debug|Any CPU
		{8A753D89-EABC-4F29-8708-115658014BC2}.Release|Any CPU.ActiveCfg = Release|Any CPU
		{8A753D89-EABC-4F29-8708-115658014BC2}.Release|Any CPU.Build.0 = Release|Any CPU
		{8A753D89-EABC-4F29-8708-115658014BC2}.Release|Any CPU.Deploy.0 = Release|Any CPU
		{F852B91F-D6DE-4822-8F21-9230F1522B0F}.Debug|Any CPU.ActiveCfg = Debug|Any CPU
		{F852B91F-D6DE-4822-8F21-9230F1522B0F}.Debug|Any CPU.Build.0 = Debug|Any CPU
		{F852B91F-D6DE-4822-8F21-9230F1522B0F}.Release|Any CPU.ActiveCfg = Release|Any CPU
		{F852B91F-D6DE-4822-8F21-9230F1522B0F}.Release|Any CPU.Build.0 = Release|Any CPU
		{2E748E15-4156-41C8-B316-82822648058A}.Debug|Any CPU.ActiveCfg = Debug|Any CPU
		{2E748E15-4156-41C8-B316-82822648058A}.Debug|Any CPU.Build.0 = Debug|Any CPU
		{2E748E15-4156-41C8-B316-82822648058A}.Release|Any CPU.ActiveCfg = Release|Any CPU
		{2E748E15-4156-41C8-B316-82822648058A}.Release|Any CPU.Build.0 = Release|Any CPU
	EndGlobalSection
	GlobalSection(SolutionProperties) = preSolution
		HideSolutionNode = FALSE
	EndGlobalSection
	GlobalSection(NestedProjects) = preSolution
		{709CC724-AD3D-4AAC-AB27-910529DD5706} = {545F4A44-B342-406F-9BB1-AEBFDFC492A1}
		{8A753D89-EABC-4F29-8708-115658014BC2} = {545F4A44-B342-406F-9BB1-AEBFDFC492A1}
	EndGlobalSection
	GlobalSection(ExtensibilityGlobals) = postSolution
		SolutionGuid = {BBBF69C0-5B69-45FD-BB2E-56CC99BA220E}
	EndGlobalSection
EndGlobal
