
Microsoft Visual Studio Solution File, Format Version 12.00
# Visual Studio Version 17
VisualStudioVersion = 17.10.35027.167
MinimumVisualStudioVersion = 10.0.40219.1
Project("{54A90642-561A-4BB1-A94E-469ADEE60C69}") = "Client", "Client\Client.esproj", "{53271C15-D445-4E93-8CA7-5AA8B2722527}"
EndProject
Project("{2150E333-8FDC-42A3-9474-1A3956D46DE8}") = "API", "API", "{545F4A44-B342-406F-9BB1-AEBFDFC492A1}"
EndProject
Project("{9A19103F-16F7-4668-BE54-9A1E7A4F7556}") = "Infrastructure", "API\Infrastructure\Infrastructure.csproj", "{38B21070-982F-46D6-B274-FC6183AFCC95}"
EndProject
Project("{9A19103F-16F7-4668-BE54-9A1E7A4F7556}") = "Server", "API\Server\Server.csproj", "{709CC724-AD3D-4AAC-AB27-910529DD5706}"
EndProject
Global
	GlobalSection(SolutionConfigurationPlatforms) = preSolution
		Debug|Any CPU = Debug|Any CPU
		Release|Any CPU = Release|Any CPU
	EndGlobalSection
	GlobalSection(ProjectConfigurationPlatforms) = postSolution
		{53271C15-D445-4E93-8CA7-5AA8B2722527}.Debug|Any CPU.ActiveCfg = Debug|Any CPU
		{53271C15-D445-4E93-8CA7-5AA8B2722527}.Debug|Any CPU.Build.0 = Debug|Any CPU
		{53271C15-D445-4E93-8CA7-5AA8B2722527}.Debug|Any CPU.Deploy.0 = Debug|Any CPU
		{53271C15-D445-4E93-8CA7-5AA8B2722527}.Release|Any CPU.ActiveCfg = Release|Any CPU
		{53271C15-D445-4E93-8CA7-5AA8B2722527}.Release|Any CPU.Build.0 = Release|Any CPU
		{53271C15-D445-4E93-8CA7-5AA8B2722527}.Release|Any CPU.Deploy.0 = Release|Any CPU
		{38B21070-982F-46D6-B274-FC6183AFCC95}.Debug|Any CPU.ActiveCfg = Debug|Any CPU
		{38B21070-982F-46D6-B274-FC6183AFCC95}.Debug|Any CPU.Build.0 = Debug|Any CPU
		{38B21070-982F-46D6-B274-FC6183AFCC95}.Release|Any CPU.ActiveCfg = Release|Any CPU
		{38B21070-982F-46D6-B274-FC6183AFCC95}.Release|Any CPU.Build.0 = Release|Any CPU
		{709CC724-AD3D-4AAC-AB27-910529DD5706}.Debug|Any CPU.ActiveCfg = Debug|Any CPU
		{709CC724-AD3D-4AAC-AB27-910529DD5706}.Debug|Any CPU.Build.0 = Debug|Any CPU
		{709CC724-AD3D-4AAC-AB27-910529DD5706}.Release|Any CPU.ActiveCfg = Release|Any CPU
		{709CC724-AD3D-4AAC-AB27-910529DD5706}.Release|Any CPU.Build.0 = Release|Any CPU
	EndGlobalSection
	GlobalSection(SolutionProperties) = preSolution
		HideSolutionNode = FALSE
	EndGlobalSection
	GlobalSection(NestedProjects) = preSolution
		{38B21070-982F-46D6-B274-FC6183AFCC95} = {545F4A44-B342-406F-9BB1-AEBFDFC492A1}
		{709CC724-AD3D-4AAC-AB27-910529DD5706} = {545F4A44-B342-406F-9BB1-AEBFDFC492A1}
	EndGlobalSection
	GlobalSection(ExtensibilityGlobals) = postSolution
		SolutionGuid = {BBBF69C0-5B69-45FD-BB2E-56CC99BA220E}
	EndGlobalSection
EndGlobal
